{
  "name": "@exponus1/exponus-common",
  "version": "1.0.2",
  "lockfileVersion": 3,
  "requires": true,
  "packages": {
    "": {
      "name": "@exponus1/exponus-common",
      "version": "1.0.2",
      "license": "ISC",
      "dependencies": {
        "@exponus1/exponus-common": "^1.0.0",
        "zod": "^3.23.8"
      }
    },
    "node_modules/@exponus1/exponus-common": {
      "version": "1.0.0",
      "resolved": "https://registry.npmjs.org/@exponus1/exponus-common/-/exponus-common-1.0.0.tgz",
      "integrity": "sha512-YqCPgbYtezbiU/+1pKMYd1LFwCPIoIt1g6sCaf/4laJmJqZfqNcKOazD1bNgnf4jeZiy52diqW9pgbAYeTrLPg==",
      "dependencies": {
        "zod": "^3.23.8"
      }
    },
    "node_modules/zod": {
      "version": "3.23.8",
      "resolved": "https://registry.npmjs.org/zod/-/zod-3.23.8.tgz",
      "integrity": "sha512-XBx9AXhXktjUqnepgTiE5flcKIYWi/rme0Eaj+5Y0lftuGBq+jyRu/md4WnuxqgP1ubdpNCsYEYPxrzVHD8d6g==",
      "funding": {
        "url": "https://github.com/sponsors/colinhacks"
      }
    }
  }
}
